
Microsoft Visual Studio Solution File, Format Version 12.00
# Visual Studio Version 16
VisualStudioVersion = 16.0.31402.337
MinimumVisualStudioVersion = 10.0.40219.1
Project("{FAE04EC0-301F-11D3-BF4B-00C04F79EFBC}") = "SafeAddress", "SafeAddress.csproj", "{EAF3274C-38F2-48BA-9562-43E0B7F830FE}"
EndProject
Project("{54435603-DBB4-11D2-8724-00A0C9A8B90C}") = "SafeAddress_Installer", "..\SafeAddress_Installer\SafeAddress_Installer.vdproj", "{12DC7E5E-F47E-48BA-BF0C-A4F91EEE5E78}"
EndProject
Global
	GlobalSection(SolutionConfigurationPlatforms) = preSolution
		Debug|Any CPU = Debug|Any CPU
		DebugNew|Any CPU = DebugNew|Any CPU
		Release|Any CPU = Release|Any CPU
	EndGlobalSection
	GlobalSection(ProjectConfigurationPlatforms) = postSolution
		{EAF3274C-38F2-48BA-9562-43E0B7F830FE}.Debug|Any CPU.ActiveCfg = Debug|Any CPU
		{EAF3274C-38F2-48BA-9562-43E0B7F830FE}.Debug|Any CPU.Build.0 = Debug|Any CPU
		{EAF3274C-38F2-48BA-9562-43E0B7F830FE}.DebugNew|Any CPU.ActiveCfg = DebugNew|Any CPU
		{EAF3274C-38F2-48BA-9562-43E0B7F830FE}.DebugNew|Any CPU.Build.0 = DebugNew|Any CPU
		{EAF3274C-38F2-48BA-9562-43E0B7F830FE}.Release|Any CPU.ActiveCfg = Release|Any CPU
		{EAF3274C-38F2-48BA-9562-43E0B7F830FE}.Release|Any CPU.Build.0 = Release|Any CPU
		{12DC7E5E-F47E-48BA-BF0C-A4F91EEE5E78}.Debug|Any CPU.ActiveCfg = Debug
		{12DC7E5E-F47E-48BA-BF0C-A4F91EEE5E78}.DebugNew|Any CPU.ActiveCfg = Debug
		{12DC7E5E-F47E-48BA-BF0C-A4F91EEE5E78}.Release|Any CPU.ActiveCfg = Release
	EndGlobalSection
	GlobalSection(SolutionProperties) = preSolution
		HideSolutionNode = FALSE
	EndGlobalSection
	GlobalSection(ExtensibilityGlobals) = postSolution
		SolutionGuid = {3EB9F8B3-4EB9-46D7-A2FE-C129381E34BA}
	EndGlobalSection
EndGlobal
